
Microsoft Visual Studio Solution File, Format Version 12.00
# Visual Studio Version 16
VisualStudioVersion = 16.0.30204.135
MinimumVisualStudioVersion = 10.0.40219.1
Project("{9A19103F-16F7-4668-BE54-9A1E7A4F7556}") = "PersonalMod", "PersonalMod.csproj", "{864105A9-9BCE-40A3-B320-72E5539E62A2}"
EndProject
Global
	GlobalSection(SolutionConfigurationPlatforms) = preSolution
		Debug|Any CPU = Debug|Any CPU
		Release|Any CPU = Release|Any CPU
	EndGlobalSection
	GlobalSection(ProjectConfigurationPlatforms) = postSolution
		{864105A9-9BCE-40A3-B320-72E5539E62A2}.Debug|Any CPU.ActiveCfg = Debug|Any CPU
		{864105A9-9BCE-40A3-B320-72E5539E62A2}.Debug|Any CPU.Build.0 = Debug|Any CPU
		{864105A9-9BCE-40A3-B320-72E5539E62A2}.Release|Any CPU.ActiveCfg = Release|Any CPU
		{864105A9-9BCE-40A3-B320-72E5539E62A2}.Release|Any CPU.Build.0 = Release|Any CPU
	EndGlobalSection
	GlobalSection(SolutionProperties) = preSolution
		HideSolutionNode = FALSE
	EndGlobalSection
	GlobalSection(ExtensibilityGlobals) = postSolution
		SolutionGuid = {7F40F194-7D31-4614-8AA4-F0D47EB1EC22}
	EndGlobalSection
EndGlobal
